
Microsoft Visual Studio Solution File, Format Version 12.00
# Visual Studio Version 17
VisualStudioVersion = 17.11.35222.181
MinimumVisualStudioVersion = 10.0.40219.1
Project("{8BC9CEB8-8B4A-11D0-8D11-00A0C91BC942}") = "Лаб_2", "Лаб_2.vcxproj", "{FBFCCB58-8BD8-4C20-B18D-E57A1D966146}"
EndProject
Project("{8BC9CEB8-8B4A-11D0-8D11-00A0C91BC942}") = "Test_Taylor", "..\Test_Taylor\Test_Taylor.vcxproj", "{65CBB49F-5E1C-43E8-B1F7-E24E9AD9BDE0}"
EndProject
Global
	GlobalSection(SolutionConfigurationPlatforms) = preSolution
		Debug|x64 = Debug|x64
		Debug|x86 = Debug|x86
		Release|x64 = Release|x64
		Release|x86 = Release|x86
	EndGlobalSection
	GlobalSection(ProjectConfigurationPlatforms) = postSolution
		{FBFCCB58-8BD8-4C20-B18D-E57A1D966146}.Debug|x64.ActiveCfg = Debug|x64
		{FBFCCB58-8BD8-4C20-B18D-E57A1D966146}.Debug|x64.Build.0 = Debug|x64
		{FBFCCB58-8BD8-4C20-B18D-E57A1D966146}.Debug|x86.ActiveCfg = Debug|Win32
		{FBFCCB58-8BD8-4C20-B18D-E57A1D966146}.Debug|x86.Build.0 = Debug|Win32
		{FBFCCB58-8BD8-4C20-B18D-E57A1D966146}.Release|x64.ActiveCfg = Release|x64
		{FBFCCB58-8BD8-4C20-B18D-E57A1D966146}.Release|x64.Build.0 = Release|x64
		{FBFCCB58-8BD8-4C20-B18D-E57A1D966146}.Release|x86.ActiveCfg = Release|Win32
		{FBFCCB58-8BD8-4C20-B18D-E57A1D966146}.Release|x86.Build.0 = Release|Win32
		{65CBB49F-5E1C-43E8-B1F7-E24E9AD9BDE0}.Debug|x64.ActiveCfg = Debug|x64
		{65CBB49F-5E1C-43E8-B1F7-E24E9AD9BDE0}.Debug|x64.Build.0 = Debug|x64
		{65CBB49F-5E1C-43E8-B1F7-E24E9AD9BDE0}.Debug|x86.ActiveCfg = Debug|Win32
		{65CBB49F-5E1C-43E8-B1F7-E24E9AD9BDE0}.Debug|x86.Build.0 = Debug|Win32
		{65CBB49F-5E1C-43E8-B1F7-E24E9AD9BDE0}.Release|x64.ActiveCfg = Release|x64
		{65CBB49F-5E1C-43E8-B1F7-E24E9AD9BDE0}.Release|x64.Build.0 = Release|x64
		{65CBB49F-5E1C-43E8-B1F7-E24E9AD9BDE0}.Release|x86.ActiveCfg = Release|Win32
		{65CBB49F-5E1C-43E8-B1F7-E24E9AD9BDE0}.Release|x86.Build.0 = Release|Win32
	EndGlobalSection
	GlobalSection(SolutionProperties) = preSolution
		HideSolutionNode = FALSE
	EndGlobalSection
	GlobalSection(ExtensibilityGlobals) = postSolution
		SolutionGuid = {F902E3F9-B838-403C-9A8C-421E31C4CB5D}
	EndGlobalSection
EndGlobal
