
Microsoft Visual Studio Solution File, Format Version 12.00
# Visual Studio Version 17
VisualStudioVersion = 17.11.35222.181
MinimumVisualStudioVersion = 10.0.40219.1
Project("{8BC9CEB8-8B4A-11D0-8D11-00A0C91BC942}") = "Лаб_6", "Лаб_6.vcxproj", "{1FF248C6-2295-4FA3-A92B-712E863C702A}"
EndProject
Global
	GlobalSection(SolutionConfigurationPlatforms) = preSolution
		Debug|x64 = Debug|x64
		Debug|x86 = Debug|x86
		Release|x64 = Release|x64
		Release|x86 = Release|x86
	EndGlobalSection
	GlobalSection(ProjectConfigurationPlatforms) = postSolution
		{1FF248C6-2295-4FA3-A92B-712E863C702A}.Debug|x64.ActiveCfg = Debug|x64
		{1FF248C6-2295-4FA3-A92B-712E863C702A}.Debug|x64.Build.0 = Debug|x64
		{1FF248C6-2295-4FA3-A92B-712E863C702A}.Debug|x86.ActiveCfg = Debug|Win32
		{1FF248C6-2295-4FA3-A92B-712E863C702A}.Debug|x86.Build.0 = Debug|Win32
		{1FF248C6-2295-4FA3-A92B-712E863C702A}.Release|x64.ActiveCfg = Release|x64
		{1FF248C6-2295-4FA3-A92B-712E863C702A}.Release|x64.Build.0 = Release|x64
		{1FF248C6-2295-4FA3-A92B-712E863C702A}.Release|x86.ActiveCfg = Release|Win32
		{1FF248C6-2295-4FA3-A92B-712E863C702A}.Release|x86.Build.0 = Release|Win32
	EndGlobalSection
	GlobalSection(SolutionProperties) = preSolution
		HideSolutionNode = FALSE
	EndGlobalSection
	GlobalSection(ExtensibilityGlobals) = postSolution
		SolutionGuid = {5BD73CE2-1F1E-4FE2-897C-89430DAC93D1}
	EndGlobalSection
EndGlobal
